
Microsoft Visual Studio Solution File, Format Version 12.00
# Visual Studio Version 16
VisualStudioVersion = 16.0.29709.97
MinimumVisualStudioVersion = 10.0.40219.1
Project("{9A19103F-16F7-4668-BE54-9A1E7A4F7556}") = "CommonCachingDomain", "CommonCachingDomain\CommonCachingDomain.csproj", "{66BE76DC-F1F4-4A6B-89C3-DB4241DB1FE1}"
EndProject
Project("{FAE04EC0-301F-11D3-BF4B-00C04F79EFBC}") = "ConsoleAppCachingNetFramework", "ConsoleAppCachingNetFramework\ConsoleAppCachingNetFramework.csproj", "{44D70F7B-D8DE-4811-8311-27A7FAFCA13C}"
EndProject
Project("{9A19103F-16F7-4668-BE54-9A1E7A4F7556}") = "ConsoleAppCoreCaching", "ConsoleAppCoreCaching\ConsoleAppCoreCaching.csproj", "{7B792AB0-DB86-477C-8066-047727C66777}"
EndProject
Global
	GlobalSection(SolutionConfigurationPlatforms) = preSolution
		Debug|Any CPU = Debug|Any CPU
		Release|Any CPU = Release|Any CPU
	EndGlobalSection
	GlobalSection(ProjectConfigurationPlatforms) = postSolution
		{66BE76DC-F1F4-4A6B-89C3-DB4241DB1FE1}.Debug|Any CPU.ActiveCfg = Debug|Any CPU
		{66BE76DC-F1F4-4A6B-89C3-DB4241DB1FE1}.Debug|Any CPU.Build.0 = Debug|Any CPU
		{66BE76DC-F1F4-4A6B-89C3-DB4241DB1FE1}.Release|Any CPU.ActiveCfg = Release|Any CPU
		{66BE76DC-F1F4-4A6B-89C3-DB4241DB1FE1}.Release|Any CPU.Build.0 = Release|Any CPU
		{44D70F7B-D8DE-4811-8311-27A7FAFCA13C}.Debug|Any CPU.ActiveCfg = Debug|Any CPU
		{44D70F7B-D8DE-4811-8311-27A7FAFCA13C}.Debug|Any CPU.Build.0 = Debug|Any CPU
		{44D70F7B-D8DE-4811-8311-27A7FAFCA13C}.Release|Any CPU.ActiveCfg = Release|Any CPU
		{44D70F7B-D8DE-4811-8311-27A7FAFCA13C}.Release|Any CPU.Build.0 = Release|Any CPU
		{7B792AB0-DB86-477C-8066-047727C66777}.Debug|Any CPU.ActiveCfg = Debug|Any CPU
		{7B792AB0-DB86-477C-8066-047727C66777}.Debug|Any CPU.Build.0 = Debug|Any CPU
		{7B792AB0-DB86-477C-8066-047727C66777}.Release|Any CPU.ActiveCfg = Release|Any CPU
		{7B792AB0-DB86-477C-8066-047727C66777}.Release|Any CPU.Build.0 = Release|Any CPU
	EndGlobalSection
	GlobalSection(SolutionProperties) = preSolution
		HideSolutionNode = FALSE
	EndGlobalSection
	GlobalSection(ExtensibilityGlobals) = postSolution
		SolutionGuid = {4CE19AAF-CA5F-446E-B6A9-21C50E8D4065}
	EndGlobalSection
EndGlobal
